{"SurveyEntry": {"SurveyID": "SV_eV4B37e4cMfxP6K", "SurveyName": "Sample Study - Templates", "SurveyDescription": null, "SurveyOwnerID": "UR_8k6S2momlBWhOp7", "SurveyBrandID": "ucbpsych", "DivisionID": null, "SurveyLanguage": "EN", "SurveyActiveResponseSet": "RS_cUZmutzGXaoQ67I", "SurveyStatus": "Inactive", "SurveyStartDate": "0000-00-00 00:00:00", "SurveyExpirationDate": "0000-00-00 00:00:00", "SurveyCreationDate": "2024-01-05 17:13:46", "CreatorID": "UR_8k6S2momlBWhOp7", "LastModified": "2024-01-05 17:43:21", "LastAccessed": "0000-00-00 00:00:00", "LastActivated": "0000-00-00 00:00:00", "Deleted": null}, "SurveyElements": [{"SurveyID": "SV_eV4B37e4cMfxP6K", "Element": "BL", "PrimaryAttribute": "Survey Blocks", "SecondaryAttribute": null, "TertiaryAttribute": null, "Payload": {"1": {"Type": "Trash", "Description": "Trash / Unused Questions", "ID": "BL_3JdLyLZw3y0IEHs", "BlockElements": [], "Options": {"BlockLocking": "false", "RandomizeQuestions": "false", "BlockVisibility": "Collapsed"}}, "2": {"Type": "Standard", "SubType": "", "Description": "Block_TG1", "ID": "BL_MamboNo0", "BlockElements": [{"Type": "Question", "QuestionID": "QID1000"}]}, "3": {"Type": "Standard", "SubType": "", "Description": "Block_TG2", "ID": "BL_MamboNo1", "BlockElements": [{"Type": "Question", "QuestionID": "QID1001"}]}, "4": {"Type": "Standard", "SubType": "", "Description": "Block_TG3", "ID": "BL_MamboNo2", "BlockElements": [{"Type": "Question", "QuestionID": "QID1002"}]}, "5": {"Type": "Standard", "SubType": "", "Description": "Block_TG4", "ID": "BL_MamboNo3", "BlockElements": [{"Type": "Question", "QuestionID": "QID1003"}]}, "6": {"Type": "Standard", "SubType": "", "Description": "Block_TG5", "ID": "BL_MamboNo4", "BlockElements": [{"Type": "Question", "QuestionID": "QID1004"}]}}}, {"SurveyID": "SV_eV4B37e4cMfxP6K", "Element": "FL", "PrimaryAttribute": "Survey Flow", "SecondaryAttribute": null, "TertiaryAttribute": null, "Payload": {"Type": "Root", "FlowID": "FL_1", "Flow": [{"Type": "BlockRandomizer", "FlowID": "FL_24", "SubSet": 5, "EvenPresentation": true, "Flow": [{"Type": "Block", "ID": "BL_MamboNo0", "FlowID": "FL_25", "Autofill": []}, {"Type": "Block", "ID": "BL_MamboNo1", "FlowID": "FL_26", "Autofill": []}, {"Type": "Block", "ID": "BL_MamboNo2", "FlowID": "FL_27", "Autofill": []}, {"Type": "Block", "ID": "BL_MamboNo3", "FlowID": "FL_28", "Autofill": []}, {"Type": "Block", "ID": "BL_MamboNo4", "FlowID": "FL_29", "Autofill": []}]}, {"Type": "EndSurvey", "FlowID": "FL_13", "EndingType": "Advanced", "Options": {"Advanced": "true", "SurveyTermination": "DefaultMessage", "EOSRedirectURL": "https://app.prolific.com/submissions/complete?cc=CLA8IBIT"}}], "Properties": {"Count": 29, "RemovedFieldsets": []}}}, {"SurveyID": "SV_eV4B37e4cMfxP6K", "Element": "PL", "PrimaryAttribute": "Preview Link", "SecondaryAttribute": null, "TertiaryAttribute": null, "Payload": {"PreviewType": "Brand", "PreviewID": "6933ca66-6cc5-4c59-870f-e194ee2b9506"}}, {"SurveyID": "SV_eV4B37e4cMfxP6K", "Element": "RS", "PrimaryAttribute": "RS_cUZmutzGXaoQ67I", "SecondaryAttribute": null, "TertiaryAttribute": null, "Payload": null}, {"SurveyID": "SV_eV4B37e4cMfxP6K", "Element": "SO", "PrimaryAttribute": "Survey Options", "SecondaryAttribute": null, "TertiaryAttribute": null, "Payload": {"BackButton": "true", "SaveAndContinue": "true", "SurveyProtection": "PublicSurvey", "BallotBoxStuffingPrevention": "false", "NoIndex": "Yes", "SecureResponseFiles": "true", "SurveyExpiration": "None", "SurveyTermination": "DisplayMessage", "Header": "", "Footer": "", "ProgressBarDisplay": "NoText", "PartialData": "+1 month", "ValidationMessage": null, "PreviousButton": "", "NextButton": " \u2192 ", "SurveyTitle": "Qualtrics Survey | Qualtrics Experience Management", "SkinLibrary": "ucbpsych", "SkinType": "MQ", "Skin": "graybusiness1", "NewScoring": 1, "SurveyMetaDescription": "The most powerful, simple and trusted way to gather experience data. Start your journey to experience management and try a free account today.", "ProtectSelectionIds": true, "EOSMessage": null, "ShowExportTags": "false", "CollectGeoLocation": "false", "PasswordProtection": "No", "AnonymizeResponse": "No", "RefererCheck": "No", "BallotBoxStuffingPreventionBehavior": null, "BallotBoxStuffingPreventionMessage": null, "BallotBoxStuffingPreventionMessageLibrary": null, "BallotBoxStuffingPreventionURL": null, "RecaptchaV3": "false", "ConfirmStart": false, "AutoConfirmStart": false, "RelevantID": "false", "RelevantIDLockoutPeriod": "+30 days", "UseCustomSurveyLinkCompletedMessage": null, "SurveyLinkCompletedMessage": null, "SurveyLinkCompletedMessageLibrary": null, "ResponseSummary": "No", "EOSMessageLibrary": null, "EOSRedirectURL": null, "EmailThankYou": "false", "ThankYouEmailMessageLibrary": null, "ThankYouEmailMessage": null, "ValidateMessage": "false", "ValidationMessageLibrary": null, "InactiveSurvey": "DefaultMessage", "PartialDeletion": null, "PartialDataCloseAfter": "LastActivity", "InactiveMessageLibrary": null, "InactiveMessage": null, "AvailableLanguages": {"EN": []}}}, {"SurveyID": "SV_eV4B37e4cMfxP6K", "Element": "QGO", "PrimaryAttribute": "QGO_QuotaGroupOrder", "SecondaryAttribute": null, "TertiaryAttribute": null, "Payload": ["QG_BgoN4nSaT9bjBny"]}, {"SurveyID": "SV_eV4B37e4cMfxP6K", "Element": "SCO", "PrimaryAttribute": "Scoring", "SecondaryAttribute": null, "TertiaryAttribute": null, "Payload": {"ScoringCategories": [], "ScoringCategoryGroups": [], "ScoringSummaryCategory": null, "ScoringSummaryAfterQuestions": 0, "ScoringSummaryAfterSurvey": 0, "DefaultScoringCategory": null, "AutoScoringCategory": null}}, {"SurveyID": "SV_eV4B37e4cMfxP6K", "Element": "PROJ", "PrimaryAttribute": "CORE", "SecondaryAttribute": null, "TertiaryAttribute": "1.1.0", "Payload": {"ProjectCategory": "CORE", "SchemaVersion": "1.1.0"}}, {"SurveyID": "SV_eV4B37e4cMfxP6K", "Element": "STAT", "PrimaryAttribute": "Survey Statistics", "SecondaryAttribute": null, "TertiaryAttribute": null, "Payload": {"MobileCompatible": false, "ID": "Survey Statistics"}}, {"SurveyID": "SV_eV4B37e4cMfxP6K", "Element": "QC", "PrimaryAttribute": "Survey Question Count", "SecondaryAttribute": "111", "TertiaryAttribute": null, "Payload": null}, {"SurveyID": "SV_eV4B37e4cMfxP6K", "Element": "QG", "PrimaryAttribute": "QG_BgoN4nSaT9bjBny", "SecondaryAttribute": "Default Quota Group", "TertiaryAttribute": null, "Payload": {"ID": "QG_BgoN4nSaT9bjBny", "Name": "Default Quota Group", "Selected": true, "MultipleMatch": "PlaceInAll", "Public": false, "Quotas": []}}, {"SurveyID": "SV_eV4B37e4cMfxP6K", "Element": "SQ", "PrimaryAttribute": "QID1000", "SecondaryAttribute": "", "TertiaryAttribute": null, "Payload": {"QuestionText": "Insert text here.", "DefaultChoices": false, "DataExportTag": "ID_TG1", "QuestionType": "HotSpot", "Selector": "OnOff", "DataVisibility": {"Private": false, "Hidden": false}, "Configuration": {"QuestionDescriptionOption": "UseText"}, "QuestionDescription": "", "Choices": {"46": {"Display": "UQIDTG1_11"}, "47": {"Display": "UQIDTG1_21"}, "48": {"Display": "UQIDTG1_31"}, "49": {"Display": "UQIDTG1_41"}, "50": {"Display": "UQIDTG1_51"}, "51": {"Display": "UQIDTG1_61"}, "52": {"Display": "UQIDTG1_62"}, "53": {"Display": "UQIDTG1_52"}, "54": {"Display": "UQIDTG1_42"}, "55": {"Display": "UQIDTG1_32"}, "56": {"Display": "UQIDTG1_22"}, "57": {"Display": "UQIDTG1_12"}, "58": {"Display": "UQIDTG1_13"}, "59": {"Display": "UQIDTG1_23"}, "60": {"Display": "UQIDTG1_33"}, "61": {"Display": "UQIDTG1_43"}, "62": {"Display": "UQIDTG1_53"}, "63": {"Display": "UQIDTG1_63"}, "64": {"Display": "UQIDTG1_64"}, "65": {"Display": "UQIDTG1_54"}, "66": {"Display": "UQIDTG1_44"}, "67": {"Display": "UQIDTG1_34"}, "68": {"Display": "UQIDTG1_24"}, "69": {"Display": "UQIDTG1_14"}, "70": {"Display": "UQIDTG1_15"}, "71": {"Display": "UQIDTG1_25"}, "72": {"Display": "UQIDTG1_35"}, "73": {"Display": "UQIDTG1_45"}, "74": {"Display": "UQIDTG1_55"}, "75": {"Display": "UQIDTG1_65"}, "76": {"Display": "UQIDTG1_66"}, "77": {"Display": "UQIDTG1_56"}, "78": {"Display": "UQIDTG1_46"}, "79": {"Display": "UQIDTG1_36"}, "80": {"Display": "UQIDTG1_26"}, "81": {"Display": "UQIDTG1_16"}}, "ChoiceOrder": ["46", "47", "48", "49", "50", "51", "52", "53", "54", "55", "56", "57", "58", "59", "60", "61", "62", "63", "64", "65", "66", "67", "68", "69", "70", "71", "72", "73", "74", "75", "76", "77", "78", "79", "80", "81"], "Validation": {"Settings": {"Type": "ChoiceRange", "MinChoices": "1", "MaxChoices": "1"}}, "GradingData": [], "Language": [], "NextChoiceId": 83, "NextAnswerId": 3, "Height": 653, "Width": 653, "GraphicID": "IM_uA5WFRF9Zjr66bi", "Regions": [{"ChoiceID": "46", "Description": "UQIDTG1_11", "Height": 50, "Shapes": [[{"X": 200, "Y": 420}, {"X": 250, "Y": 420}, {"X": 250, "Y": 470}, {"X": 200, "Y": 470}]], "Type": "Polygon", "Width": 50, "X": 200, "Y": 420}, {"ChoiceID": "47", "Description": "UQIDTG1_21", "Height": 50, "Shapes": [[{"X": 275, "Y": 420}, {"X": 325, "Y": 420}, {"X": 325, "Y": 470}, {"X": 275, "Y": 470}]], "Type": "Polygon", "Width": 50, "X": 275, "Y": 420}, {"ChoiceID": "48", "Description": "UQIDTG1_31", "Height": 50, "Shapes": [[{"X": 350, "Y": 420}, {"X": 400, "Y": 420}, {"X": 400, "Y": 470}, {"X": 350, "Y": 470}]], "Type": "Polygon", "Width": 50, "X": 350, "Y": 420}, {"ChoiceID": "49", "Description": "UQIDTG1_41", "Height": 50, "Shapes": [[{"X": 425, "Y": 420}, {"X": 475, "Y": 420}, {"X": 475, "Y": 470}, {"X": 425, "Y": 470}]], "Type": "Polygon", "Width": 50, "X": 425, "Y": 420}, {"ChoiceID": "50", "Description": "UQIDTG1_51", "Height": 50, "Shapes": [[{"X": 500, "Y": 420}, {"X": 550, "Y": 420}, {"X": 550, "Y": 470}, {"X": 500, "Y": 470}]], "Type": "Polygon", "Width": 50, "X": 500, "Y": 420}, {"ChoiceID": "51", "Description": "UQIDTG1_61", "Height": 50, "Shapes": [[{"X": 575, "Y": 420}, {"X": 625, "Y": 420}, {"X": 625, "Y": 470}, {"X": 575, "Y": 470}]], "Type": "Polygon", "Width": 50, "X": 575, "Y": 420}, {"ChoiceID": "52", "Description": "UQIDTG1_62", "Height": 50, "Shapes": [[{"X": 575, "Y": 345}, {"X": 625, "Y": 345}, {"X": 625, "Y": 395}, {"X": 575, "Y": 395}]], "Type": "Polygon", "Width": 50, "X": 575, "Y": 345}, {"ChoiceID": "53", "Description": "UQIDTG1_52", "Height": 50, "Shapes": [[{"X": 500, "Y": 345}, {"X": 550, "Y": 345}, {"X": 550, "Y": 395}, {"X": 500, "Y": 395}]], "Type": "Polygon", "Width": 50, "X": 500, "Y": 345}, {"ChoiceID": "54", "Description": "UQIDTG1_42", "Height": 50, "Shapes": [[{"X": 425, "Y": 345}, {"X": 475, "Y": 345}, {"X": 475, "Y": 395}, {"X": 425, "Y": 395}]], "Type": "Polygon", "Width": 50, "X": 425, "Y": 345}, {"ChoiceID": "55", "Description": "UQIDTG1_32", "Height": 50, "Shapes": [[{"X": 350, "Y": 345}, {"X": 400, "Y": 345}, {"X": 400, "Y": 395}, {"X": 350, "Y": 395}]], "Type": "Polygon", "Width": 50, "X": 350, "Y": 345}, {"ChoiceID": "56", "Description": "UQIDTG1_22", "Height": 50, "Shapes": [[{"X": 275, "Y": 345}, {"X": 325, "Y": 345}, {"X": 325, "Y": 395}, {"X": 275, "Y": 395}]], "Type": "Polygon", "Width": 50, "X": 275, "Y": 345}, {"ChoiceID": "57", "Description": "UQIDTG1_12", "Height": 50, "Shapes": [[{"X": 200, "Y": 345}, {"X": 250, "Y": 345}, {"X": 250, "Y": 395}, {"X": 200, "Y": 395}]], "Type": "Polygon", "Width": 50, "X": 200, "Y": 345}, {"ChoiceID": "58", "Description": "UQIDTG1_13", "Height": 50, "Shapes": [[{"X": 200, "Y": 270}, {"X": 250, "Y": 270}, {"X": 250, "Y": 320}, {"X": 200, "Y": 320}]], "Type": "Polygon", "Width": 50, "X": 200, "Y": 270}, {"ChoiceID": "59", "Description": "UQIDTG1_23", "Height": 50, "Shapes": [[{"X": 275, "Y": 270}, {"X": 325, "Y": 270}, {"X": 325, "Y": 320}, {"X": 275, "Y": 320}]], "Type": "Polygon", "Width": 50, "X": 275, "Y": 270}, {"ChoiceID": "60", "Description": "UQIDTG1_33", "Height": 50, "Shapes": [[{"X": 350, "Y": 270}, {"X": 400, "Y": 270}, {"X": 400, "Y": 320}, {"X": 350, "Y": 320}]], "Type": "Polygon", "Width": 50, "X": 350, "Y": 270}, {"ChoiceID": "61", "Description": "UQIDTG1_43", "Height": 50, "Shapes": [[{"X": 425, "Y": 270}, {"X": 475, "Y": 270}, {"X": 475, "Y": 320}, {"X": 425, "Y": 320}]], "Type": "Polygon", "Width": 50, "X": 425, "Y": 270}, {"ChoiceID": "62", "Description": "UQIDTG1_53", "Height": 50, "Shapes": [[{"X": 500, "Y": 270}, {"X": 550, "Y": 270}, {"X": 550, "Y": 320}, {"X": 500, "Y": 320}]], "Type": "Polygon", "Width": 50, "X": 500, "Y": 270}, {"ChoiceID": "63", "Description": "UQIDTG1_63", "Height": 50, "Shapes": [[{"X": 575, "Y": 270}, {"X": 625, "Y": 270}, {"X": 625, "Y": 320}, {"X": 575, "Y": 320}]], "Type": "Polygon", "Width": 50, "X": 575, "Y": 270}, {"ChoiceID": "64", "Description": "UQIDTG1_64", "Height": 50, "Shapes": [[{"X": 575, "Y": 195}, {"X": 625, "Y": 195}, {"X": 625, "Y": 245}, {"X": 575, "Y": 245}]], "Type": "Polygon", "Width": 50, "X": 575, "Y": 195}, {"ChoiceID": "65", "Description": "UQIDTG1_54", "Height": 50, "Shapes": [[{"X": 500, "Y": 195}, {"X": 550, "Y": 195}, {"X": 550, "Y": 245}, {"X": 500, "Y": 245}]], "Type": "Polygon", "Width": 50, "X": 500, "Y": 195}, {"ChoiceID": "66", "Description": "UQIDTG1_44", "Height": 50, "Shapes": [[{"X": 425, "Y": 195}, {"X": 475, "Y": 195}, {"X": 475, "Y": 245}, {"X": 425, "Y": 245}]], "Type": "Polygon", "Width": 50, "X": 425, "Y": 195}, {"ChoiceID": "67", "Description": "UQIDTG1_34", "Height": 50, "Shapes": [[{"X": 350, "Y": 195}, {"X": 400, "Y": 195}, {"X": 400, "Y": 245}, {"X": 350, "Y": 245}]], "Type": "Polygon", "Width": 50, "X": 350, "Y": 195}, {"ChoiceID": "68", "Description": "UQIDTG1_24", "Height": 50, "Shapes": [[{"X": 275, "Y": 195}, {"X": 325, "Y": 195}, {"X": 325, "Y": 245}, {"X": 275, "Y": 245}]], "Type": "Polygon", "Width": 50, "X": 275, "Y": 195}, {"ChoiceID": "69", "Description": "UQIDTG1_14", "Height": 50, "Shapes": [[{"X": 200, "Y": 195}, {"X": 250, "Y": 195}, {"X": 250, "Y": 245}, {"X": 200, "Y": 245}]], "Type": "Polygon", "Width": 50, "X": 200, "Y": 195}, {"ChoiceID": "70", "Description": "UQIDTG1_15", "Height": 50, "Shapes": [[{"X": 200, "Y": 120}, {"X": 250, "Y": 120}, {"X": 250, "Y": 170}, {"X": 200, "Y": 170}]], "Type": "Polygon", "Width": 50, "X": 200, "Y": 120}, {"ChoiceID": "71", "Description": "UQIDTG1_25", "Height": 50, "Shapes": [[{"X": 275, "Y": 120}, {"X": 325, "Y": 120}, {"X": 325, "Y": 170}, {"X": 275, "Y": 170}]], "Type": "Polygon", "Width": 50, "X": 275, "Y": 120}, {"ChoiceID": "72", "Description": "UQIDTG1_35", "Height": 50, "Shapes": [[{"X": 350, "Y": 120}, {"X": 400, "Y": 120}, {"X": 400, "Y": 170}, {"X": 350, "Y": 170}]], "Type": "Polygon", "Width": 50, "X": 350, "Y": 120}, {"ChoiceID": "73", "Description": "UQIDTG1_45", "Height": 50, "Shapes": [[{"X": 425, "Y": 120}, {"X": 475, "Y": 120}, {"X": 475, "Y": 170}, {"X": 425, "Y": 170}]], "Type": "Polygon", "Width": 50, "X": 425, "Y": 120}, {"ChoiceID": "74", "Description": "UQIDTG1_55", "Height": 50, "Shapes": [[{"X": 500, "Y": 120}, {"X": 550, "Y": 120}, {"X": 550, "Y": 170}, {"X": 500, "Y": 170}]], "Type": "Polygon", "Width": 50, "X": 500, "Y": 120}, {"ChoiceID": "75", "Description": "UQIDTG1_65", "Height": 50, "Shapes": [[{"X": 575, "Y": 120}, {"X": 625, "Y": 120}, {"X": 625, "Y": 170}, {"X": 575, "Y": 170}]], "Type": "Polygon", "Width": 50, "X": 575, "Y": 120}, {"ChoiceID": "76", "Description": "UQIDTG1_66", "Height": 50, "Shapes": [[{"X": 575, "Y": 45}, {"X": 625, "Y": 45}, {"X": 625, "Y": 95}, {"X": 575, "Y": 95}]], "Type": "Polygon", "Width": 50, "X": 575, "Y": 45}, {"ChoiceID": "77", "Description": "UQIDTG1_56", "Height": 50, "Shapes": [[{"X": 500, "Y": 45}, {"X": 550, "Y": 45}, {"X": 550, "Y": 95}, {"X": 500, "Y": 95}]], "Type": "Polygon", "Width": 50, "X": 500, "Y": 45}, {"ChoiceID": "78", "Description": "UQIDTG1_46", "Height": 50, "Shapes": [[{"X": 425, "Y": 45}, {"X": 475, "Y": 45}, {"X": 475, "Y": 95}, {"X": 425, "Y": 95}]], "Type": "Polygon", "Width": 50, "X": 425, "Y": 45}, {"ChoiceID": "79", "Description": "UQIDTG1_36", "Height": 50, "Shapes": [[{"X": 350, "Y": 45}, {"X": 400, "Y": 45}, {"X": 400, "Y": 95}, {"X": 350, "Y": 95}]], "Type": "Polygon", "Width": 50, "X": 350, "Y": 45}, {"ChoiceID": "80", "Description": "UQIDTG1_26", "Height": 50, "Shapes": [[{"X": 275, "Y": 45}, {"X": 325, "Y": 45}, {"X": 325, "Y": 95}, {"X": 275, "Y": 95}]], "Type": "Polygon", "Width": 50, "X": 275, "Y": 45}, {"ChoiceID": "81", "Description": "UQIDTG1_16", "Height": 50, "Shapes": [[{"X": 200, "Y": 45}, {"X": 250, "Y": 45}, {"X": 250, "Y": 95}, {"X": 200, "Y": 95}]], "Type": "Polygon", "Width": 50, "X": 200, "Y": 45}], "Visibility": "HiddenUntilHover", "QuestionID": "QID1000", "QuestionJS": false, "Answers": {"1": {"Display": "Off"}, "2": {"Display": "On"}}}}, {"SurveyID": "SV_eV4B37e4cMfxP6K", "Element": "SQ", "PrimaryAttribute": "QID1001", "SecondaryAttribute": "", "TertiaryAttribute": null, "Payload": {"QuestionText": "Insert text here.", "DefaultChoices": false, "DataExportTag": "ID_TG2", "QuestionType": "HotSpot", "Selector": "OnOff", "DataVisibility": {"Private": false, "Hidden": false}, "Configuration": {"QuestionDescriptionOption": "UseText"}, "QuestionDescription": "", "Choices": {"46": {"Display": "UQIDTG2_11"}, "47": {"Display": "UQIDTG2_21"}, "48": {"Display": "UQIDTG2_31"}, "49": {"Display": "UQIDTG2_41"}, "50": {"Display": "UQIDTG2_51"}, "51": {"Display": "UQIDTG2_61"}, "52": {"Display": "UQIDTG2_62"}, "53": {"Display": "UQIDTG2_52"}, "54": {"Display": "UQIDTG2_42"}, "55": {"Display": "UQIDTG2_32"}, "56": {"Display": "UQIDTG2_22"}, "57": {"Display": "UQIDTG2_12"}, "58": {"Display": "UQIDTG2_13"}, "59": {"Display": "UQIDTG2_23"}, "60": {"Display": "UQIDTG2_33"}, "61": {"Display": "UQIDTG2_43"}, "62": {"Display": "UQIDTG2_53"}, "63": {"Display": "UQIDTG2_63"}, "64": {"Display": "UQIDTG2_64"}, "65": {"Display": "UQIDTG2_54"}, "66": {"Display": "UQIDTG2_44"}, "67": {"Display": "UQIDTG2_34"}, "68": {"Display": "UQIDTG2_24"}, "69": {"Display": "UQIDTG2_14"}, "70": {"Display": "UQIDTG2_15"}, "71": {"Display": "UQIDTG2_25"}, "72": {"Display": "UQIDTG2_35"}, "73": {"Display": "UQIDTG2_45"}, "74": {"Display": "UQIDTG2_55"}, "75": {"Display": "UQIDTG2_65"}, "76": {"Display": "UQIDTG2_66"}, "77": {"Display": "UQIDTG2_56"}, "78": {"Display": "UQIDTG2_46"}, "79": {"Display": "UQIDTG2_36"}, "80": {"Display": "UQIDTG2_26"}, "81": {"Display": "UQIDTG2_16"}}, "ChoiceOrder": ["46", "47", "48", "49", "50", "51", "52", "53", "54", "55", "56", "57", "58", "59", "60", "61", "62", "63", "64", "65", "66", "67", "68", "69", "70", "71", "72", "73", "74", "75", "76", "77", "78", "79", "80", "81"], "Validation": {"Settings": {"Type": "ChoiceRange", "MinChoices": "1", "MaxChoices": "1"}}, "GradingData": [], "Language": [], "NextChoiceId": 83, "NextAnswerId": 3, "Height": 653, "Width": 653, "GraphicID": "IM_uA5WFRF9Zjr66bi", "Regions": [{"ChoiceID": "46", "Description": "UQIDTG2_11", "Height": 50, "Shapes": [[{"X": 200, "Y": 420}, {"X": 250, "Y": 420}, {"X": 250, "Y": 470}, {"X": 200, "Y": 470}]], "Type": "Polygon", "Width": 50, "X": 200, "Y": 420}, {"ChoiceID": "47", "Description": "UQIDTG2_21", "Height": 50, "Shapes": [[{"X": 275, "Y": 420}, {"X": 325, "Y": 420}, {"X": 325, "Y": 470}, {"X": 275, "Y": 470}]], "Type": "Polygon", "Width": 50, "X": 275, "Y": 420}, {"ChoiceID": "48", "Description": "UQIDTG2_31", "Height": 50, "Shapes": [[{"X": 350, "Y": 420}, {"X": 400, "Y": 420}, {"X": 400, "Y": 470}, {"X": 350, "Y": 470}]], "Type": "Polygon", "Width": 50, "X": 350, "Y": 420}, {"ChoiceID": "49", "Description": "UQIDTG2_41", "Height": 50, "Shapes": [[{"X": 425, "Y": 420}, {"X": 475, "Y": 420}, {"X": 475, "Y": 470}, {"X": 425, "Y": 470}]], "Type": "Polygon", "Width": 50, "X": 425, "Y": 420}, {"ChoiceID": "50", "Description": "UQIDTG2_51", "Height": 50, "Shapes": [[{"X": 500, "Y": 420}, {"X": 550, "Y": 420}, {"X": 550, "Y": 470}, {"X": 500, "Y": 470}]], "Type": "Polygon", "Width": 50, "X": 500, "Y": 420}, {"ChoiceID": "51", "Description": "UQIDTG2_61", "Height": 50, "Shapes": [[{"X": 575, "Y": 420}, {"X": 625, "Y": 420}, {"X": 625, "Y": 470}, {"X": 575, "Y": 470}]], "Type": "Polygon", "Width": 50, "X": 575, "Y": 420}, {"ChoiceID": "52", "Description": "UQIDTG2_62", "Height": 50, "Shapes": [[{"X": 575, "Y": 345}, {"X": 625, "Y": 345}, {"X": 625, "Y": 395}, {"X": 575, "Y": 395}]], "Type": "Polygon", "Width": 50, "X": 575, "Y": 345}, {"ChoiceID": "53", "Description": "UQIDTG2_52", "Height": 50, "Shapes": [[{"X": 500, "Y": 345}, {"X": 550, "Y": 345}, {"X": 550, "Y": 395}, {"X": 500, "Y": 395}]], "Type": "Polygon", "Width": 50, "X": 500, "Y": 345}, {"ChoiceID": "54", "Description": "UQIDTG2_42", "Height": 50, "Shapes": [[{"X": 425, "Y": 345}, {"X": 475, "Y": 345}, {"X": 475, "Y": 395}, {"X": 425, "Y": 395}]], "Type": "Polygon", "Width": 50, "X": 425, "Y": 345}, {"ChoiceID": "55", "Description": "UQIDTG2_32", "Height": 50, "Shapes": [[{"X": 350, "Y": 345}, {"X": 400, "Y": 345}, {"X": 400, "Y": 395}, {"X": 350, "Y": 395}]], "Type": "Polygon", "Width": 50, "X": 350, "Y": 345}, {"ChoiceID": "56", "Description": "UQIDTG2_22", "Height": 50, "Shapes": [[{"X": 275, "Y": 345}, {"X": 325, "Y": 345}, {"X": 325, "Y": 395}, {"X": 275, "Y": 395}]], "Type": "Polygon", "Width": 50, "X": 275, "Y": 345}, {"ChoiceID": "57", "Description": "UQIDTG2_12", "Height": 50, "Shapes": [[{"X": 200, "Y": 345}, {"X": 250, "Y": 345}, {"X": 250, "Y": 395}, {"X": 200, "Y": 395}]], "Type": "Polygon", "Width": 50, "X": 200, "Y": 345}, {"ChoiceID": "58", "Description": "UQIDTG2_13", "Height": 50, "Shapes": [[{"X": 200, "Y": 270}, {"X": 250, "Y": 270}, {"X": 250, "Y": 320}, {"X": 200, "Y": 320}]], "Type": "Polygon", "Width": 50, "X": 200, "Y": 270}, {"ChoiceID": "59", "Description": "UQIDTG2_23", "Height": 50, "Shapes": [[{"X": 275, "Y": 270}, {"X": 325, "Y": 270}, {"X": 325, "Y": 320}, {"X": 275, "Y": 320}]], "Type": "Polygon", "Width": 50, "X": 275, "Y": 270}, {"ChoiceID": "60", "Description": "UQIDTG2_33", "Height": 50, "Shapes": [[{"X": 350, "Y": 270}, {"X": 400, "Y": 270}, {"X": 400, "Y": 320}, {"X": 350, "Y": 320}]], "Type": "Polygon", "Width": 50, "X": 350, "Y": 270}, {"ChoiceID": "61", "Description": "UQIDTG2_43", "Height": 50, "Shapes": [[{"X": 425, "Y": 270}, {"X": 475, "Y": 270}, {"X": 475, "Y": 320}, {"X": 425, "Y": 320}]], "Type": "Polygon", "Width": 50, "X": 425, "Y": 270}, {"ChoiceID": "62", "Description": "UQIDTG2_53", "Height": 50, "Shapes": [[{"X": 500, "Y": 270}, {"X": 550, "Y": 270}, {"X": 550, "Y": 320}, {"X": 500, "Y": 320}]], "Type": "Polygon", "Width": 50, "X": 500, "Y": 270}, {"ChoiceID": "63", "Description": "UQIDTG2_63", "Height": 50, "Shapes": [[{"X": 575, "Y": 270}, {"X": 625, "Y": 270}, {"X": 625, "Y": 320}, {"X": 575, "Y": 320}]], "Type": "Polygon", "Width": 50, "X": 575, "Y": 270}, {"ChoiceID": "64", "Description": "UQIDTG2_64", "Height": 50, "Shapes": [[{"X": 575, "Y": 195}, {"X": 625, "Y": 195}, {"X": 625, "Y": 245}, {"X": 575, "Y": 245}]], "Type": "Polygon", "Width": 50, "X": 575, "Y": 195}, {"ChoiceID": "65", "Description": "UQIDTG2_54", "Height": 50, "Shapes": [[{"X": 500, "Y": 195}, {"X": 550, "Y": 195}, {"X": 550, "Y": 245}, {"X": 500, "Y": 245}]], "Type": "Polygon", "Width": 50, "X": 500, "Y": 195}, {"ChoiceID": "66", "Description": "UQIDTG2_44", "Height": 50, "Shapes": [[{"X": 425, "Y": 195}, {"X": 475, "Y": 195}, {"X": 475, "Y": 245}, {"X": 425, "Y": 245}]], "Type": "Polygon", "Width": 50, "X": 425, "Y": 195}, {"ChoiceID": "67", "Description": "UQIDTG2_34", "Height": 50, "Shapes": [[{"X": 350, "Y": 195}, {"X": 400, "Y": 195}, {"X": 400, "Y": 245}, {"X": 350, "Y": 245}]], "Type": "Polygon", "Width": 50, "X": 350, "Y": 195}, {"ChoiceID": "68", "Description": "UQIDTG2_24", "Height": 50, "Shapes": [[{"X": 275, "Y": 195}, {"X": 325, "Y": 195}, {"X": 325, "Y": 245}, {"X": 275, "Y": 245}]], "Type": "Polygon", "Width": 50, "X": 275, "Y": 195}, {"ChoiceID": "69", "Description": "UQIDTG2_14", "Height": 50, "Shapes": [[{"X": 200, "Y": 195}, {"X": 250, "Y": 195}, {"X": 250, "Y": 245}, {"X": 200, "Y": 245}]], "Type": "Polygon", "Width": 50, "X": 200, "Y": 195}, {"ChoiceID": "70", "Description": "UQIDTG2_15", "Height": 50, "Shapes": [[{"X": 200, "Y": 120}, {"X": 250, "Y": 120}, {"X": 250, "Y": 170}, {"X": 200, "Y": 170}]], "Type": "Polygon", "Width": 50, "X": 200, "Y": 120}, {"ChoiceID": "71", "Description": "UQIDTG2_25", "Height": 50, "Shapes": [[{"X": 275, "Y": 120}, {"X": 325, "Y": 120}, {"X": 325, "Y": 170}, {"X": 275, "Y": 170}]], "Type": "Polygon", "Width": 50, "X": 275, "Y": 120}, {"ChoiceID": "72", "Description": "UQIDTG2_35", "Height": 50, "Shapes": [[{"X": 350, "Y": 120}, {"X": 400, "Y": 120}, {"X": 400, "Y": 170}, {"X": 350, "Y": 170}]], "Type": "Polygon", "Width": 50, "X": 350, "Y": 120}, {"ChoiceID": "73", "Description": "UQIDTG2_45", "Height": 50, "Shapes": [[{"X": 425, "Y": 120}, {"X": 475, "Y": 120}, {"X": 475, "Y": 170}, {"X": 425, "Y": 170}]], "Type": "Polygon", "Width": 50, "X": 425, "Y": 120}, {"ChoiceID": "74", "Description": "UQIDTG2_55", "Height": 50, "Shapes": [[{"X": 500, "Y": 120}, {"X": 550, "Y": 120}, {"X": 550, "Y": 170}, {"X": 500, "Y": 170}]], "Type": "Polygon", "Width": 50, "X": 500, "Y": 120}, {"ChoiceID": "75", "Description": "UQIDTG2_65", "Height": 50, "Shapes": [[{"X": 575, "Y": 120}, {"X": 625, "Y": 120}, {"X": 625, "Y": 170}, {"X": 575, "Y": 170}]], "Type": "Polygon", "Width": 50, "X": 575, "Y": 120}, {"ChoiceID": "76", "Description": "UQIDTG2_66", "Height": 50, "Shapes": [[{"X": 575, "Y": 45}, {"X": 625, "Y": 45}, {"X": 625, "Y": 95}, {"X": 575, "Y": 95}]], "Type": "Polygon", "Width": 50, "X": 575, "Y": 45}, {"ChoiceID": "77", "Description": "UQIDTG2_56", "Height": 50, "Shapes": [[{"X": 500, "Y": 45}, {"X": 550, "Y": 45}, {"X": 550, "Y": 95}, {"X": 500, "Y": 95}]], "Type": "Polygon", "Width": 50, "X": 500, "Y": 45}, {"ChoiceID": "78", "Description": "UQIDTG2_46", "Height": 50, "Shapes": [[{"X": 425, "Y": 45}, {"X": 475, "Y": 45}, {"X": 475, "Y": 95}, {"X": 425, "Y": 95}]], "Type": "Polygon", "Width": 50, "X": 425, "Y": 45}, {"ChoiceID": "79", "Description": "UQIDTG2_36", "Height": 50, "Shapes": [[{"X": 350, "Y": 45}, {"X": 400, "Y": 45}, {"X": 400, "Y": 95}, {"X": 350, "Y": 95}]], "Type": "Polygon", "Width": 50, "X": 350, "Y": 45}, {"ChoiceID": "80", "Description": "UQIDTG2_26", "Height": 50, "Shapes": [[{"X": 275, "Y": 45}, {"X": 325, "Y": 45}, {"X": 325, "Y": 95}, {"X": 275, "Y": 95}]], "Type": "Polygon", "Width": 50, "X": 275, "Y": 45}, {"ChoiceID": "81", "Description": "UQIDTG2_16", "Height": 50, "Shapes": [[{"X": 200, "Y": 45}, {"X": 250, "Y": 45}, {"X": 250, "Y": 95}, {"X": 200, "Y": 95}]], "Type": "Polygon", "Width": 50, "X": 200, "Y": 45}], "Visibility": "HiddenUntilHover", "QuestionID": "QID1001", "QuestionJS": false, "Answers": {"1": {"Display": "Off"}, "2": {"Display": "On"}}}}, {"SurveyID": "SV_eV4B37e4cMfxP6K", "Element": "SQ", "PrimaryAttribute": "QID1002", "SecondaryAttribute": "", "TertiaryAttribute": null, "Payload": {"QuestionText": "Insert text here.", "DefaultChoices": false, "DataExportTag": "ID_TG3", "QuestionType": "HotSpot", "Selector": "OnOff", "DataVisibility": {"Private": false, "Hidden": false}, "Configuration": {"QuestionDescriptionOption": "UseText"}, "QuestionDescription": "", "Choices": {"46": {"Display": "UQIDTG3_11"}, "47": {"Display": "UQIDTG3_21"}, "48": {"Display": "UQIDTG3_31"}, "49": {"Display": "UQIDTG3_41"}, "50": {"Display": "UQIDTG3_51"}, "51": {"Display": "UQIDTG3_61"}, "52": {"Display": "UQIDTG3_62"}, "53": {"Display": "UQIDTG3_52"}, "54": {"Display": "UQIDTG3_42"}, "55": {"Display": "UQIDTG3_32"}, "56": {"Display": "UQIDTG3_22"}, "57": {"Display": "UQIDTG3_12"}, "58": {"Display": "UQIDTG3_13"}, "59": {"Display": "UQIDTG3_23"}, "60": {"Display": "UQIDTG3_33"}, "61": {"Display": "UQIDTG3_43"}, "62": {"Display": "UQIDTG3_53"}, "63": {"Display": "UQIDTG3_63"}, "64": {"Display": "UQIDTG3_64"}, "65": {"Display": "UQIDTG3_54"}, "66": {"Display": "UQIDTG3_44"}, "67": {"Display": "UQIDTG3_34"}, "68": {"Display": "UQIDTG3_24"}, "69": {"Display": "UQIDTG3_14"}, "70": {"Display": "UQIDTG3_15"}, "71": {"Display": "UQIDTG3_25"}, "72": {"Display": "UQIDTG3_35"}, "73": {"Display": "UQIDTG3_45"}, "74": {"Display": "UQIDTG3_55"}, "75": {"Display": "UQIDTG3_65"}, "76": {"Display": "UQIDTG3_66"}, "77": {"Display": "UQIDTG3_56"}, "78": {"Display": "UQIDTG3_46"}, "79": {"Display": "UQIDTG3_36"}, "80": {"Display": "UQIDTG3_26"}, "81": {"Display": "UQIDTG3_16"}}, "ChoiceOrder": ["46", "47", "48", "49", "50", "51", "52", "53", "54", "55", "56", "57", "58", "59", "60", "61", "62", "63", "64", "65", "66", "67", "68", "69", "70", "71", "72", "73", "74", "75", "76", "77", "78", "79", "80", "81"], "Validation": {"Settings": {"Type": "ChoiceRange", "MinChoices": "1", "MaxChoices": "1"}}, "GradingData": [], "Language": [], "NextChoiceId": 83, "NextAnswerId": 3, "Height": 653, "Width": 653, "GraphicID": "IM_uA5WFRF9Zjr66bi", "Regions": [{"ChoiceID": "46", "Description": "UQIDTG3_11", "Height": 50, "Shapes": [[{"X": 200, "Y": 420}, {"X": 250, "Y": 420}, {"X": 250, "Y": 470}, {"X": 200, "Y": 470}]], "Type": "Polygon", "Width": 50, "X": 200, "Y": 420}, {"ChoiceID": "47", "Description": "UQIDTG3_21", "Height": 50, "Shapes": [[{"X": 275, "Y": 420}, {"X": 325, "Y": 420}, {"X": 325, "Y": 470}, {"X": 275, "Y": 470}]], "Type": "Polygon", "Width": 50, "X": 275, "Y": 420}, {"ChoiceID": "48", "Description": "UQIDTG3_31", "Height": 50, "Shapes": [[{"X": 350, "Y": 420}, {"X": 400, "Y": 420}, {"X": 400, "Y": 470}, {"X": 350, "Y": 470}]], "Type": "Polygon", "Width": 50, "X": 350, "Y": 420}, {"ChoiceID": "49", "Description": "UQIDTG3_41", "Height": 50, "Shapes": [[{"X": 425, "Y": 420}, {"X": 475, "Y": 420}, {"X": 475, "Y": 470}, {"X": 425, "Y": 470}]], "Type": "Polygon", "Width": 50, "X": 425, "Y": 420}, {"ChoiceID": "50", "Description": "UQIDTG3_51", "Height": 50, "Shapes": [[{"X": 500, "Y": 420}, {"X": 550, "Y": 420}, {"X": 550, "Y": 470}, {"X": 500, "Y": 470}]], "Type": "Polygon", "Width": 50, "X": 500, "Y": 420}, {"ChoiceID": "51", "Description": "UQIDTG3_61", "Height": 50, "Shapes": [[{"X": 575, "Y": 420}, {"X": 625, "Y": 420}, {"X": 625, "Y": 470}, {"X": 575, "Y": 470}]], "Type": "Polygon", "Width": 50, "X": 575, "Y": 420}, {"ChoiceID": "52", "Description": "UQIDTG3_62", "Height": 50, "Shapes": [[{"X": 575, "Y": 345}, {"X": 625, "Y": 345}, {"X": 625, "Y": 395}, {"X": 575, "Y": 395}]], "Type": "Polygon", "Width": 50, "X": 575, "Y": 345}, {"ChoiceID": "53", "Description": "UQIDTG3_52", "Height": 50, "Shapes": [[{"X": 500, "Y": 345}, {"X": 550, "Y": 345}, {"X": 550, "Y": 395}, {"X": 500, "Y": 395}]], "Type": "Polygon", "Width": 50, "X": 500, "Y": 345}, {"ChoiceID": "54", "Description": "UQIDTG3_42", "Height": 50, "Shapes": [[{"X": 425, "Y": 345}, {"X": 475, "Y": 345}, {"X": 475, "Y": 395}, {"X": 425, "Y": 395}]], "Type": "Polygon", "Width": 50, "X": 425, "Y": 345}, {"ChoiceID": "55", "Description": "UQIDTG3_32", "Height": 50, "Shapes": [[{"X": 350, "Y": 345}, {"X": 400, "Y": 345}, {"X": 400, "Y": 395}, {"X": 350, "Y": 395}]], "Type": "Polygon", "Width": 50, "X": 350, "Y": 345}, {"ChoiceID": "56", "Description": "UQIDTG3_22", "Height": 50, "Shapes": [[{"X": 275, "Y": 345}, {"X": 325, "Y": 345}, {"X": 325, "Y": 395}, {"X": 275, "Y": 395}]], "Type": "Polygon", "Width": 50, "X": 275, "Y": 345}, {"ChoiceID": "57", "Description": "UQIDTG3_12", "Height": 50, "Shapes": [[{"X": 200, "Y": 345}, {"X": 250, "Y": 345}, {"X": 250, "Y": 395}, {"X": 200, "Y": 395}]], "Type": "Polygon", "Width": 50, "X": 200, "Y": 345}, {"ChoiceID": "58", "Description": "UQIDTG3_13", "Height": 50, "Shapes": [[{"X": 200, "Y": 270}, {"X": 250, "Y": 270}, {"X": 250, "Y": 320}, {"X": 200, "Y": 320}]], "Type": "Polygon", "Width": 50, "X": 200, "Y": 270}, {"ChoiceID": "59", "Description": "UQIDTG3_23", "Height": 50, "Shapes": [[{"X": 275, "Y": 270}, {"X": 325, "Y": 270}, {"X": 325, "Y": 320}, {"X": 275, "Y": 320}]], "Type": "Polygon", "Width": 50, "X": 275, "Y": 270}, {"ChoiceID": "60", "Description": "UQIDTG3_33", "Height": 50, "Shapes": [[{"X": 350, "Y": 270}, {"X": 400, "Y": 270}, {"X": 400, "Y": 320}, {"X": 350, "Y": 320}]], "Type": "Polygon", "Width": 50, "X": 350, "Y": 270}, {"ChoiceID": "61", "Description": "UQIDTG3_43", "Height": 50, "Shapes": [[{"X": 425, "Y": 270}, {"X": 475, "Y": 270}, {"X": 475, "Y": 320}, {"X": 425, "Y": 320}]], "Type": "Polygon", "Width": 50, "X": 425, "Y": 270}, {"ChoiceID": "62", "Description": "UQIDTG3_53", "Height": 50, "Shapes": [[{"X": 500, "Y": 270}, {"X": 550, "Y": 270}, {"X": 550, "Y": 320}, {"X": 500, "Y": 320}]], "Type": "Polygon", "Width": 50, "X": 500, "Y": 270}, {"ChoiceID": "63", "Description": "UQIDTG3_63", "Height": 50, "Shapes": [[{"X": 575, "Y": 270}, {"X": 625, "Y": 270}, {"X": 625, "Y": 320}, {"X": 575, "Y": 320}]], "Type": "Polygon", "Width": 50, "X": 575, "Y": 270}, {"ChoiceID": "64", "Description": "UQIDTG3_64", "Height": 50, "Shapes": [[{"X": 575, "Y": 195}, {"X": 625, "Y": 195}, {"X": 625, "Y": 245}, {"X": 575, "Y": 245}]], "Type": "Polygon", "Width": 50, "X": 575, "Y": 195}, {"ChoiceID": "65", "Description": "UQIDTG3_54", "Height": 50, "Shapes": [[{"X": 500, "Y": 195}, {"X": 550, "Y": 195}, {"X": 550, "Y": 245}, {"X": 500, "Y": 245}]], "Type": "Polygon", "Width": 50, "X": 500, "Y": 195}, {"ChoiceID": "66", "Description": "UQIDTG3_44", "Height": 50, "Shapes": [[{"X": 425, "Y": 195}, {"X": 475, "Y": 195}, {"X": 475, "Y": 245}, {"X": 425, "Y": 245}]], "Type": "Polygon", "Width": 50, "X": 425, "Y": 195}, {"ChoiceID": "67", "Description": "UQIDTG3_34", "Height": 50, "Shapes": [[{"X": 350, "Y": 195}, {"X": 400, "Y": 195}, {"X": 400, "Y": 245}, {"X": 350, "Y": 245}]], "Type": "Polygon", "Width": 50, "X": 350, "Y": 195}, {"ChoiceID": "68", "Description": "UQIDTG3_24", "Height": 50, "Shapes": [[{"X": 275, "Y": 195}, {"X": 325, "Y": 195}, {"X": 325, "Y": 245}, {"X": 275, "Y": 245}]], "Type": "Polygon", "Width": 50, "X": 275, "Y": 195}, {"ChoiceID": "69", "Description": "UQIDTG3_14", "Height": 50, "Shapes": [[{"X": 200, "Y": 195}, {"X": 250, "Y": 195}, {"X": 250, "Y": 245}, {"X": 200, "Y": 245}]], "Type": "Polygon", "Width": 50, "X": 200, "Y": 195}, {"ChoiceID": "70", "Description": "UQIDTG3_15", "Height": 50, "Shapes": [[{"X": 200, "Y": 120}, {"X": 250, "Y": 120}, {"X": 250, "Y": 170}, {"X": 200, "Y": 170}]], "Type": "Polygon", "Width": 50, "X": 200, "Y": 120}, {"ChoiceID": "71", "Description": "UQIDTG3_25", "Height": 50, "Shapes": [[{"X": 275, "Y": 120}, {"X": 325, "Y": 120}, {"X": 325, "Y": 170}, {"X": 275, "Y": 170}]], "Type": "Polygon", "Width": 50, "X": 275, "Y": 120}, {"ChoiceID": "72", "Description": "UQIDTG3_35", "Height": 50, "Shapes": [[{"X": 350, "Y": 120}, {"X": 400, "Y": 120}, {"X": 400, "Y": 170}, {"X": 350, "Y": 170}]], "Type": "Polygon", "Width": 50, "X": 350, "Y": 120}, {"ChoiceID": "73", "Description": "UQIDTG3_45", "Height": 50, "Shapes": [[{"X": 425, "Y": 120}, {"X": 475, "Y": 120}, {"X": 475, "Y": 170}, {"X": 425, "Y": 170}]], "Type": "Polygon", "Width": 50, "X": 425, "Y": 120}, {"ChoiceID": "74", "Description": "UQIDTG3_55", "Height": 50, "Shapes": [[{"X": 500, "Y": 120}, {"X": 550, "Y": 120}, {"X": 550, "Y": 170}, {"X": 500, "Y": 170}]], "Type": "Polygon", "Width": 50, "X": 500, "Y": 120}, {"ChoiceID": "75", "Description": "UQIDTG3_65", "Height": 50, "Shapes": [[{"X": 575, "Y": 120}, {"X": 625, "Y": 120}, {"X": 625, "Y": 170}, {"X": 575, "Y": 170}]], "Type": "Polygon", "Width": 50, "X": 575, "Y": 120}, {"ChoiceID": "76", "Description": "UQIDTG3_66", "Height": 50, "Shapes": [[{"X": 575, "Y": 45}, {"X": 625, "Y": 45}, {"X": 625, "Y": 95}, {"X": 575, "Y": 95}]], "Type": "Polygon", "Width": 50, "X": 575, "Y": 45}, {"ChoiceID": "77", "Description": "UQIDTG3_56", "Height": 50, "Shapes": [[{"X": 500, "Y": 45}, {"X": 550, "Y": 45}, {"X": 550, "Y": 95}, {"X": 500, "Y": 95}]], "Type": "Polygon", "Width": 50, "X": 500, "Y": 45}, {"ChoiceID": "78", "Description": "UQIDTG3_46", "Height": 50, "Shapes": [[{"X": 425, "Y": 45}, {"X": 475, "Y": 45}, {"X": 475, "Y": 95}, {"X": 425, "Y": 95}]], "Type": "Polygon", "Width": 50, "X": 425, "Y": 45}, {"ChoiceID": "79", "Description": "UQIDTG3_36", "Height": 50, "Shapes": [[{"X": 350, "Y": 45}, {"X": 400, "Y": 45}, {"X": 400, "Y": 95}, {"X": 350, "Y": 95}]], "Type": "Polygon", "Width": 50, "X": 350, "Y": 45}, {"ChoiceID": "80", "Description": "UQIDTG3_26", "Height": 50, "Shapes": [[{"X": 275, "Y": 45}, {"X": 325, "Y": 45}, {"X": 325, "Y": 95}, {"X": 275, "Y": 95}]], "Type": "Polygon", "Width": 50, "X": 275, "Y": 45}, {"ChoiceID": "81", "Description": "UQIDTG3_16", "Height": 50, "Shapes": [[{"X": 200, "Y": 45}, {"X": 250, "Y": 45}, {"X": 250, "Y": 95}, {"X": 200, "Y": 95}]], "Type": "Polygon", "Width": 50, "X": 200, "Y": 45}], "Visibility": "HiddenUntilHover", "QuestionID": "QID1002", "QuestionJS": false, "Answers": {"1": {"Display": "Off"}, "2": {"Display": "On"}}}}, {"SurveyID": "SV_eV4B37e4cMfxP6K", "Element": "SQ", "PrimaryAttribute": "QID1003", "SecondaryAttribute": "", "TertiaryAttribute": null, "Payload": {"QuestionText": "Insert text here.", "DefaultChoices": false, "DataExportTag": "ID_TG4", "QuestionType": "HotSpot", "Selector": "OnOff", "DataVisibility": {"Private": false, "Hidden": false}, "Configuration": {"QuestionDescriptionOption": "UseText"}, "QuestionDescription": "", "Choices": {"46": {"Display": "UQIDTG4_11"}, "47": {"Display": "UQIDTG4_21"}, "48": {"Display": "UQIDTG4_31"}, "49": {"Display": "UQIDTG4_41"}, "50": {"Display": "UQIDTG4_51"}, "51": {"Display": "UQIDTG4_61"}, "52": {"Display": "UQIDTG4_62"}, "53": {"Display": "UQIDTG4_52"}, "54": {"Display": "UQIDTG4_42"}, "55": {"Display": "UQIDTG4_32"}, "56": {"Display": "UQIDTG4_22"}, "57": {"Display": "UQIDTG4_12"}, "58": {"Display": "UQIDTG4_13"}, "59": {"Display": "UQIDTG4_23"}, "60": {"Display": "UQIDTG4_33"}, "61": {"Display": "UQIDTG4_43"}, "62": {"Display": "UQIDTG4_53"}, "63": {"Display": "UQIDTG4_63"}, "64": {"Display": "UQIDTG4_64"}, "65": {"Display": "UQIDTG4_54"}, "66": {"Display": "UQIDTG4_44"}, "67": {"Display": "UQIDTG4_34"}, "68": {"Display": "UQIDTG4_24"}, "69": {"Display": "UQIDTG4_14"}, "70": {"Display": "UQIDTG4_15"}, "71": {"Display": "UQIDTG4_25"}, "72": {"Display": "UQIDTG4_35"}, "73": {"Display": "UQIDTG4_45"}, "74": {"Display": "UQIDTG4_55"}, "75": {"Display": "UQIDTG4_65"}, "76": {"Display": "UQIDTG4_66"}, "77": {"Display": "UQIDTG4_56"}, "78": {"Display": "UQIDTG4_46"}, "79": {"Display": "UQIDTG4_36"}, "80": {"Display": "UQIDTG4_26"}, "81": {"Display": "UQIDTG4_16"}}, "ChoiceOrder": ["46", "47", "48", "49", "50", "51", "52", "53", "54", "55", "56", "57", "58", "59", "60", "61", "62", "63", "64", "65", "66", "67", "68", "69", "70", "71", "72", "73", "74", "75", "76", "77", "78", "79", "80", "81"], "Validation": {"Settings": {"Type": "ChoiceRange", "MinChoices": "1", "MaxChoices": "1"}}, "GradingData": [], "Language": [], "NextChoiceId": 83, "NextAnswerId": 3, "Height": 653, "Width": 653, "GraphicID": "IM_uA5WFRF9Zjr66bi", "Regions": [{"ChoiceID": "46", "Description": "UQIDTG4_11", "Height": 50, "Shapes": [[{"X": 200, "Y": 420}, {"X": 250, "Y": 420}, {"X": 250, "Y": 470}, {"X": 200, "Y": 470}]], "Type": "Polygon", "Width": 50, "X": 200, "Y": 420}, {"ChoiceID": "47", "Description": "UQIDTG4_21", "Height": 50, "Shapes": [[{"X": 275, "Y": 420}, {"X": 325, "Y": 420}, {"X": 325, "Y": 470}, {"X": 275, "Y": 470}]], "Type": "Polygon", "Width": 50, "X": 275, "Y": 420}, {"ChoiceID": "48", "Description": "UQIDTG4_31", "Height": 50, "Shapes": [[{"X": 350, "Y": 420}, {"X": 400, "Y": 420}, {"X": 400, "Y": 470}, {"X": 350, "Y": 470}]], "Type": "Polygon", "Width": 50, "X": 350, "Y": 420}, {"ChoiceID": "49", "Description": "UQIDTG4_41", "Height": 50, "Shapes": [[{"X": 425, "Y": 420}, {"X": 475, "Y": 420}, {"X": 475, "Y": 470}, {"X": 425, "Y": 470}]], "Type": "Polygon", "Width": 50, "X": 425, "Y": 420}, {"ChoiceID": "50", "Description": "UQIDTG4_51", "Height": 50, "Shapes": [[{"X": 500, "Y": 420}, {"X": 550, "Y": 420}, {"X": 550, "Y": 470}, {"X": 500, "Y": 470}]], "Type": "Polygon", "Width": 50, "X": 500, "Y": 420}, {"ChoiceID": "51", "Description": "UQIDTG4_61", "Height": 50, "Shapes": [[{"X": 575, "Y": 420}, {"X": 625, "Y": 420}, {"X": 625, "Y": 470}, {"X": 575, "Y": 470}]], "Type": "Polygon", "Width": 50, "X": 575, "Y": 420}, {"ChoiceID": "52", "Description": "UQIDTG4_62", "Height": 50, "Shapes": [[{"X": 575, "Y": 345}, {"X": 625, "Y": 345}, {"X": 625, "Y": 395}, {"X": 575, "Y": 395}]], "Type": "Polygon", "Width": 50, "X": 575, "Y": 345}, {"ChoiceID": "53", "Description": "UQIDTG4_52", "Height": 50, "Shapes": [[{"X": 500, "Y": 345}, {"X": 550, "Y": 345}, {"X": 550, "Y": 395}, {"X": 500, "Y": 395}]], "Type": "Polygon", "Width": 50, "X": 500, "Y": 345}, {"ChoiceID": "54", "Description": "UQIDTG4_42", "Height": 50, "Shapes": [[{"X": 425, "Y": 345}, {"X": 475, "Y": 345}, {"X": 475, "Y": 395}, {"X": 425, "Y": 395}]], "Type": "Polygon", "Width": 50, "X": 425, "Y": 345}, {"ChoiceID": "55", "Description": "UQIDTG4_32", "Height": 50, "Shapes": [[{"X": 350, "Y": 345}, {"X": 400, "Y": 345}, {"X": 400, "Y": 395}, {"X": 350, "Y": 395}]], "Type": "Polygon", "Width": 50, "X": 350, "Y": 345}, {"ChoiceID": "56", "Description": "UQIDTG4_22", "Height": 50, "Shapes": [[{"X": 275, "Y": 345}, {"X": 325, "Y": 345}, {"X": 325, "Y": 395}, {"X": 275, "Y": 395}]], "Type": "Polygon", "Width": 50, "X": 275, "Y": 345}, {"ChoiceID": "57", "Description": "UQIDTG4_12", "Height": 50, "Shapes": [[{"X": 200, "Y": 345}, {"X": 250, "Y": 345}, {"X": 250, "Y": 395}, {"X": 200, "Y": 395}]], "Type": "Polygon", "Width": 50, "X": 200, "Y": 345}, {"ChoiceID": "58", "Description": "UQIDTG4_13", "Height": 50, "Shapes": [[{"X": 200, "Y": 270}, {"X": 250, "Y": 270}, {"X": 250, "Y": 320}, {"X": 200, "Y": 320}]], "Type": "Polygon", "Width": 50, "X": 200, "Y": 270}, {"ChoiceID": "59", "Description": "UQIDTG4_23", "Height": 50, "Shapes": [[{"X": 275, "Y": 270}, {"X": 325, "Y": 270}, {"X": 325, "Y": 320}, {"X": 275, "Y": 320}]], "Type": "Polygon", "Width": 50, "X": 275, "Y": 270}, {"ChoiceID": "60", "Description": "UQIDTG4_33", "Height": 50, "Shapes": [[{"X": 350, "Y": 270}, {"X": 400, "Y": 270}, {"X": 400, "Y": 320}, {"X": 350, "Y": 320}]], "Type": "Polygon", "Width": 50, "X": 350, "Y": 270}, {"ChoiceID": "61", "Description": "UQIDTG4_43", "Height": 50, "Shapes": [[{"X": 425, "Y": 270}, {"X": 475, "Y": 270}, {"X": 475, "Y": 320}, {"X": 425, "Y": 320}]], "Type": "Polygon", "Width": 50, "X": 425, "Y": 270}, {"ChoiceID": "62", "Description": "UQIDTG4_53", "Height": 50, "Shapes": [[{"X": 500, "Y": 270}, {"X": 550, "Y": 270}, {"X": 550, "Y": 320}, {"X": 500, "Y": 320}]], "Type": "Polygon", "Width": 50, "X": 500, "Y": 270}, {"ChoiceID": "63", "Description": "UQIDTG4_63", "Height": 50, "Shapes": [[{"X": 575, "Y": 270}, {"X": 625, "Y": 270}, {"X": 625, "Y": 320}, {"X": 575, "Y": 320}]], "Type": "Polygon", "Width": 50, "X": 575, "Y": 270}, {"ChoiceID": "64", "Description": "UQIDTG4_64", "Height": 50, "Shapes": [[{"X": 575, "Y": 195}, {"X": 625, "Y": 195}, {"X": 625, "Y": 245}, {"X": 575, "Y": 245}]], "Type": "Polygon", "Width": 50, "X": 575, "Y": 195}, {"ChoiceID": "65", "Description": "UQIDTG4_54", "Height": 50, "Shapes": [[{"X": 500, "Y": 195}, {"X": 550, "Y": 195}, {"X": 550, "Y": 245}, {"X": 500, "Y": 245}]], "Type": "Polygon", "Width": 50, "X": 500, "Y": 195}, {"ChoiceID": "66", "Description": "UQIDTG4_44", "Height": 50, "Shapes": [[{"X": 425, "Y": 195}, {"X": 475, "Y": 195}, {"X": 475, "Y": 245}, {"X": 425, "Y": 245}]], "Type": "Polygon", "Width": 50, "X": 425, "Y": 195}, {"ChoiceID": "67", "Description": "UQIDTG4_34", "Height": 50, "Shapes": [[{"X": 350, "Y": 195}, {"X": 400, "Y": 195}, {"X": 400, "Y": 245}, {"X": 350, "Y": 245}]], "Type": "Polygon", "Width": 50, "X": 350, "Y": 195}, {"ChoiceID": "68", "Description": "UQIDTG4_24", "Height": 50, "Shapes": [[{"X": 275, "Y": 195}, {"X": 325, "Y": 195}, {"X": 325, "Y": 245}, {"X": 275, "Y": 245}]], "Type": "Polygon", "Width": 50, "X": 275, "Y": 195}, {"ChoiceID": "69", "Description": "UQIDTG4_14", "Height": 50, "Shapes": [[{"X": 200, "Y": 195}, {"X": 250, "Y": 195}, {"X": 250, "Y": 245}, {"X": 200, "Y": 245}]], "Type": "Polygon", "Width": 50, "X": 200, "Y": 195}, {"ChoiceID": "70", "Description": "UQIDTG4_15", "Height": 50, "Shapes": [[{"X": 200, "Y": 120}, {"X": 250, "Y": 120}, {"X": 250, "Y": 170}, {"X": 200, "Y": 170}]], "Type": "Polygon", "Width": 50, "X": 200, "Y": 120}, {"ChoiceID": "71", "Description": "UQIDTG4_25", "Height": 50, "Shapes": [[{"X": 275, "Y": 120}, {"X": 325, "Y": 120}, {"X": 325, "Y": 170}, {"X": 275, "Y": 170}]], "Type": "Polygon", "Width": 50, "X": 275, "Y": 120}, {"ChoiceID": "72", "Description": "UQIDTG4_35", "Height": 50, "Shapes": [[{"X": 350, "Y": 120}, {"X": 400, "Y": 120}, {"X": 400, "Y": 170}, {"X": 350, "Y": 170}]], "Type": "Polygon", "Width": 50, "X": 350, "Y": 120}, {"ChoiceID": "73", "Description": "UQIDTG4_45", "Height": 50, "Shapes": [[{"X": 425, "Y": 120}, {"X": 475, "Y": 120}, {"X": 475, "Y": 170}, {"X": 425, "Y": 170}]], "Type": "Polygon", "Width": 50, "X": 425, "Y": 120}, {"ChoiceID": "74", "Description": "UQIDTG4_55", "Height": 50, "Shapes": [[{"X": 500, "Y": 120}, {"X": 550, "Y": 120}, {"X": 550, "Y": 170}, {"X": 500, "Y": 170}]], "Type": "Polygon", "Width": 50, "X": 500, "Y": 120}, {"ChoiceID": "75", "Description": "UQIDTG4_65", "Height": 50, "Shapes": [[{"X": 575, "Y": 120}, {"X": 625, "Y": 120}, {"X": 625, "Y": 170}, {"X": 575, "Y": 170}]], "Type": "Polygon", "Width": 50, "X": 575, "Y": 120}, {"ChoiceID": "76", "Description": "UQIDTG4_66", "Height": 50, "Shapes": [[{"X": 575, "Y": 45}, {"X": 625, "Y": 45}, {"X": 625, "Y": 95}, {"X": 575, "Y": 95}]], "Type": "Polygon", "Width": 50, "X": 575, "Y": 45}, {"ChoiceID": "77", "Description": "UQIDTG4_56", "Height": 50, "Shapes": [[{"X": 500, "Y": 45}, {"X": 550, "Y": 45}, {"X": 550, "Y": 95}, {"X": 500, "Y": 95}]], "Type": "Polygon", "Width": 50, "X": 500, "Y": 45}, {"ChoiceID": "78", "Description": "UQIDTG4_46", "Height": 50, "Shapes": [[{"X": 425, "Y": 45}, {"X": 475, "Y": 45}, {"X": 475, "Y": 95}, {"X": 425, "Y": 95}]], "Type": "Polygon", "Width": 50, "X": 425, "Y": 45}, {"ChoiceID": "79", "Description": "UQIDTG4_36", "Height": 50, "Shapes": [[{"X": 350, "Y": 45}, {"X": 400, "Y": 45}, {"X": 400, "Y": 95}, {"X": 350, "Y": 95}]], "Type": "Polygon", "Width": 50, "X": 350, "Y": 45}, {"ChoiceID": "80", "Description": "UQIDTG4_26", "Height": 50, "Shapes": [[{"X": 275, "Y": 45}, {"X": 325, "Y": 45}, {"X": 325, "Y": 95}, {"X": 275, "Y": 95}]], "Type": "Polygon", "Width": 50, "X": 275, "Y": 45}, {"ChoiceID": "81", "Description": "UQIDTG4_16", "Height": 50, "Shapes": [[{"X": 200, "Y": 45}, {"X": 250, "Y": 45}, {"X": 250, "Y": 95}, {"X": 200, "Y": 95}]], "Type": "Polygon", "Width": 50, "X": 200, "Y": 45}], "Visibility": "HiddenUntilHover", "QuestionID": "QID1003", "QuestionJS": false, "Answers": {"1": {"Display": "Off"}, "2": {"Display": "On"}}}}, {"SurveyID": "SV_eV4B37e4cMfxP6K", "Element": "SQ", "PrimaryAttribute": "QID1004", "SecondaryAttribute": "", "TertiaryAttribute": null, "Payload": {"QuestionText": "Insert text here.", "DefaultChoices": false, "DataExportTag": "ID_TG5", "QuestionType": "HotSpot", "Selector": "OnOff", "DataVisibility": {"Private": false, "Hidden": false}, "Configuration": {"QuestionDescriptionOption": "UseText"}, "QuestionDescription": "", "Choices": {"46": {"Display": "UQIDTG5_11"}, "47": {"Display": "UQIDTG5_21"}, "48": {"Display": "UQIDTG5_31"}, "49": {"Display": "UQIDTG5_41"}, "50": {"Display": "UQIDTG5_51"}, "51": {"Display": "UQIDTG5_61"}, "52": {"Display": "UQIDTG5_62"}, "53": {"Display": "UQIDTG5_52"}, "54": {"Display": "UQIDTG5_42"}, "55": {"Display": "UQIDTG5_32"}, "56": {"Display": "UQIDTG5_22"}, "57": {"Display": "UQIDTG5_12"}, "58": {"Display": "UQIDTG5_13"}, "59": {"Display": "UQIDTG5_23"}, "60": {"Display": "UQIDTG5_33"}, "61": {"Display": "UQIDTG5_43"}, "62": {"Display": "UQIDTG5_53"}, "63": {"Display": "UQIDTG5_63"}, "64": {"Display": "UQIDTG5_64"}, "65": {"Display": "UQIDTG5_54"}, "66": {"Display": "UQIDTG5_44"}, "67": {"Display": "UQIDTG5_34"}, "68": {"Display": "UQIDTG5_24"}, "69": {"Display": "UQIDTG5_14"}, "70": {"Display": "UQIDTG5_15"}, "71": {"Display": "UQIDTG5_25"}, "72": {"Display": "UQIDTG5_35"}, "73": {"Display": "UQIDTG5_45"}, "74": {"Display": "UQIDTG5_55"}, "75": {"Display": "UQIDTG5_65"}, "76": {"Display": "UQIDTG5_66"}, "77": {"Display": "UQIDTG5_56"}, "78": {"Display": "UQIDTG5_46"}, "79": {"Display": "UQIDTG5_36"}, "80": {"Display": "UQIDTG5_26"}, "81": {"Display": "UQIDTG5_16"}}, "ChoiceOrder": ["46", "47", "48", "49", "50", "51", "52", "53", "54", "55", "56", "57", "58", "59", "60", "61", "62", "63", "64", "65", "66", "67", "68", "69", "70", "71", "72", "73", "74", "75", "76", "77", "78", "79", "80", "81"], "Validation": {"Settings": {"Type": "ChoiceRange", "MinChoices": "1", "MaxChoices": "1"}}, "GradingData": [], "Language": [], "NextChoiceId": 83, "NextAnswerId": 3, "Height": 653, "Width": 653, "GraphicID": "IM_uA5WFRF9Zjr66bi", "Regions": [{"ChoiceID": "46", "Description": "UQIDTG5_11", "Height": 50, "Shapes": [[{"X": 200, "Y": 420}, {"X": 250, "Y": 420}, {"X": 250, "Y": 470}, {"X": 200, "Y": 470}]], "Type": "Polygon", "Width": 50, "X": 200, "Y": 420}, {"ChoiceID": "47", "Description": "UQIDTG5_21", "Height": 50, "Shapes": [[{"X": 275, "Y": 420}, {"X": 325, "Y": 420}, {"X": 325, "Y": 470}, {"X": 275, "Y": 470}]], "Type": "Polygon", "Width": 50, "X": 275, "Y": 420}, {"ChoiceID": "48", "Description": "UQIDTG5_31", "Height": 50, "Shapes": [[{"X": 350, "Y": 420}, {"X": 400, "Y": 420}, {"X": 400, "Y": 470}, {"X": 350, "Y": 470}]], "Type": "Polygon", "Width": 50, "X": 350, "Y": 420}, {"ChoiceID": "49", "Description": "UQIDTG5_41", "Height": 50, "Shapes": [[{"X": 425, "Y": 420}, {"X": 475, "Y": 420}, {"X": 475, "Y": 470}, {"X": 425, "Y": 470}]], "Type": "Polygon", "Width": 50, "X": 425, "Y": 420}, {"ChoiceID": "50", "Description": "UQIDTG5_51", "Height": 50, "Shapes": [[{"X": 500, "Y": 420}, {"X": 550, "Y": 420}, {"X": 550, "Y": 470}, {"X": 500, "Y": 470}]], "Type": "Polygon", "Width": 50, "X": 500, "Y": 420}, {"ChoiceID": "51", "Description": "UQIDTG5_61", "Height": 50, "Shapes": [[{"X": 575, "Y": 420}, {"X": 625, "Y": 420}, {"X": 625, "Y": 470}, {"X": 575, "Y": 470}]], "Type": "Polygon", "Width": 50, "X": 575, "Y": 420}, {"ChoiceID": "52", "Description": "UQIDTG5_62", "Height": 50, "Shapes": [[{"X": 575, "Y": 345}, {"X": 625, "Y": 345}, {"X": 625, "Y": 395}, {"X": 575, "Y": 395}]], "Type": "Polygon", "Width": 50, "X": 575, "Y": 345}, {"ChoiceID": "53", "Description": "UQIDTG5_52", "Height": 50, "Shapes": [[{"X": 500, "Y": 345}, {"X": 550, "Y": 345}, {"X": 550, "Y": 395}, {"X": 500, "Y": 395}]], "Type": "Polygon", "Width": 50, "X": 500, "Y": 345}, {"ChoiceID": "54", "Description": "UQIDTG5_42", "Height": 50, "Shapes": [[{"X": 425, "Y": 345}, {"X": 475, "Y": 345}, {"X": 475, "Y": 395}, {"X": 425, "Y": 395}]], "Type": "Polygon", "Width": 50, "X": 425, "Y": 345}, {"ChoiceID": "55", "Description": "UQIDTG5_32", "Height": 50, "Shapes": [[{"X": 350, "Y": 345}, {"X": 400, "Y": 345}, {"X": 400, "Y": 395}, {"X": 350, "Y": 395}]], "Type": "Polygon", "Width": 50, "X": 350, "Y": 345}, {"ChoiceID": "56", "Description": "UQIDTG5_22", "Height": 50, "Shapes": [[{"X": 275, "Y": 345}, {"X": 325, "Y": 345}, {"X": 325, "Y": 395}, {"X": 275, "Y": 395}]], "Type": "Polygon", "Width": 50, "X": 275, "Y": 345}, {"ChoiceID": "57", "Description": "UQIDTG5_12", "Height": 50, "Shapes": [[{"X": 200, "Y": 345}, {"X": 250, "Y": 345}, {"X": 250, "Y": 395}, {"X": 200, "Y": 395}]], "Type": "Polygon", "Width": 50, "X": 200, "Y": 345}, {"ChoiceID": "58", "Description": "UQIDTG5_13", "Height": 50, "Shapes": [[{"X": 200, "Y": 270}, {"X": 250, "Y": 270}, {"X": 250, "Y": 320}, {"X": 200, "Y": 320}]], "Type": "Polygon", "Width": 50, "X": 200, "Y": 270}, {"ChoiceID": "59", "Description": "UQIDTG5_23", "Height": 50, "Shapes": [[{"X": 275, "Y": 270}, {"X": 325, "Y": 270}, {"X": 325, "Y": 320}, {"X": 275, "Y": 320}]], "Type": "Polygon", "Width": 50, "X": 275, "Y": 270}, {"ChoiceID": "60", "Description": "UQIDTG5_33", "Height": 50, "Shapes": [[{"X": 350, "Y": 270}, {"X": 400, "Y": 270}, {"X": 400, "Y": 320}, {"X": 350, "Y": 320}]], "Type": "Polygon", "Width": 50, "X": 350, "Y": 270}, {"ChoiceID": "61", "Description": "UQIDTG5_43", "Height": 50, "Shapes": [[{"X": 425, "Y": 270}, {"X": 475, "Y": 270}, {"X": 475, "Y": 320}, {"X": 425, "Y": 320}]], "Type": "Polygon", "Width": 50, "X": 425, "Y": 270}, {"ChoiceID": "62", "Description": "UQIDTG5_53", "Height": 50, "Shapes": [[{"X": 500, "Y": 270}, {"X": 550, "Y": 270}, {"X": 550, "Y": 320}, {"X": 500, "Y": 320}]], "Type": "Polygon", "Width": 50, "X": 500, "Y": 270}, {"ChoiceID": "63", "Description": "UQIDTG5_63", "Height": 50, "Shapes": [[{"X": 575, "Y": 270}, {"X": 625, "Y": 270}, {"X": 625, "Y": 320}, {"X": 575, "Y": 320}]], "Type": "Polygon", "Width": 50, "X": 575, "Y": 270}, {"ChoiceID": "64", "Description": "UQIDTG5_64", "Height": 50, "Shapes": [[{"X": 575, "Y": 195}, {"X": 625, "Y": 195}, {"X": 625, "Y": 245}, {"X": 575, "Y": 245}]], "Type": "Polygon", "Width": 50, "X": 575, "Y": 195}, {"ChoiceID": "65", "Description": "UQIDTG5_54", "Height": 50, "Shapes": [[{"X": 500, "Y": 195}, {"X": 550, "Y": 195}, {"X": 550, "Y": 245}, {"X": 500, "Y": 245}]], "Type": "Polygon", "Width": 50, "X": 500, "Y": 195}, {"ChoiceID": "66", "Description": "UQIDTG5_44", "Height": 50, "Shapes": [[{"X": 425, "Y": 195}, {"X": 475, "Y": 195}, {"X": 475, "Y": 245}, {"X": 425, "Y": 245}]], "Type": "Polygon", "Width": 50, "X": 425, "Y": 195}, {"ChoiceID": "67", "Description": "UQIDTG5_34", "Height": 50, "Shapes": [[{"X": 350, "Y": 195}, {"X": 400, "Y": 195}, {"X": 400, "Y": 245}, {"X": 350, "Y": 245}]], "Type": "Polygon", "Width": 50, "X": 350, "Y": 195}, {"ChoiceID": "68", "Description": "UQIDTG5_24", "Height": 50, "Shapes": [[{"X": 275, "Y": 195}, {"X": 325, "Y": 195}, {"X": 325, "Y": 245}, {"X": 275, "Y": 245}]], "Type": "Polygon", "Width": 50, "X": 275, "Y": 195}, {"ChoiceID": "69", "Description": "UQIDTG5_14", "Height": 50, "Shapes": [[{"X": 200, "Y": 195}, {"X": 250, "Y": 195}, {"X": 250, "Y": 245}, {"X": 200, "Y": 245}]], "Type": "Polygon", "Width": 50, "X": 200, "Y": 195}, {"ChoiceID": "70", "Description": "UQIDTG5_15", "Height": 50, "Shapes": [[{"X": 200, "Y": 120}, {"X": 250, "Y": 120}, {"X": 250, "Y": 170}, {"X": 200, "Y": 170}]], "Type": "Polygon", "Width": 50, "X": 200, "Y": 120}, {"ChoiceID": "71", "Description": "UQIDTG5_25", "Height": 50, "Shapes": [[{"X": 275, "Y": 120}, {"X": 325, "Y": 120}, {"X": 325, "Y": 170}, {"X": 275, "Y": 170}]], "Type": "Polygon", "Width": 50, "X": 275, "Y": 120}, {"ChoiceID": "72", "Description": "UQIDTG5_35", "Height": 50, "Shapes": [[{"X": 350, "Y": 120}, {"X": 400, "Y": 120}, {"X": 400, "Y": 170}, {"X": 350, "Y": 170}]], "Type": "Polygon", "Width": 50, "X": 350, "Y": 120}, {"ChoiceID": "73", "Description": "UQIDTG5_45", "Height": 50, "Shapes": [[{"X": 425, "Y": 120}, {"X": 475, "Y": 120}, {"X": 475, "Y": 170}, {"X": 425, "Y": 170}]], "Type": "Polygon", "Width": 50, "X": 425, "Y": 120}, {"ChoiceID": "74", "Description": "UQIDTG5_55", "Height": 50, "Shapes": [[{"X": 500, "Y": 120}, {"X": 550, "Y": 120}, {"X": 550, "Y": 170}, {"X": 500, "Y": 170}]], "Type": "Polygon", "Width": 50, "X": 500, "Y": 120}, {"ChoiceID": "75", "Description": "UQIDTG5_65", "Height": 50, "Shapes": [[{"X": 575, "Y": 120}, {"X": 625, "Y": 120}, {"X": 625, "Y": 170}, {"X": 575, "Y": 170}]], "Type": "Polygon", "Width": 50, "X": 575, "Y": 120}, {"ChoiceID": "76", "Description": "UQIDTG5_66", "Height": 50, "Shapes": [[{"X": 575, "Y": 45}, {"X": 625, "Y": 45}, {"X": 625, "Y": 95}, {"X": 575, "Y": 95}]], "Type": "Polygon", "Width": 50, "X": 575, "Y": 45}, {"ChoiceID": "77", "Description": "UQIDTG5_56", "Height": 50, "Shapes": [[{"X": 500, "Y": 45}, {"X": 550, "Y": 45}, {"X": 550, "Y": 95}, {"X": 500, "Y": 95}]], "Type": "Polygon", "Width": 50, "X": 500, "Y": 45}, {"ChoiceID": "78", "Description": "UQIDTG5_46", "Height": 50, "Shapes": [[{"X": 425, "Y": 45}, {"X": 475, "Y": 45}, {"X": 475, "Y": 95}, {"X": 425, "Y": 95}]], "Type": "Polygon", "Width": 50, "X": 425, "Y": 45}, {"ChoiceID": "79", "Description": "UQIDTG5_36", "Height": 50, "Shapes": [[{"X": 350, "Y": 45}, {"X": 400, "Y": 45}, {"X": 400, "Y": 95}, {"X": 350, "Y": 95}]], "Type": "Polygon", "Width": 50, "X": 350, "Y": 45}, {"ChoiceID": "80", "Description": "UQIDTG5_26", "Height": 50, "Shapes": [[{"X": 275, "Y": 45}, {"X": 325, "Y": 45}, {"X": 325, "Y": 95}, {"X": 275, "Y": 95}]], "Type": "Polygon", "Width": 50, "X": 275, "Y": 45}, {"ChoiceID": "81", "Description": "UQIDTG5_16", "Height": 50, "Shapes": [[{"X": 200, "Y": 45}, {"X": 250, "Y": 45}, {"X": 250, "Y": 95}, {"X": 200, "Y": 95}]], "Type": "Polygon", "Width": 50, "X": 200, "Y": 45}], "Visibility": "HiddenUntilHover", "QuestionID": "QID1004", "QuestionJS": false, "Answers": {"1": {"Display": "Off"}, "2": {"Display": "On"}}}}]}